
Microsoft Visual Studio Solution File, Format Version 12.00
Project("{FAE04EC0-301F-11D3-BF4B-00C04F79EFBC}") = "GreenNide.FilterGenerator.Abstractions", "GreenNide.FilterGenerator.Abstractions\GreenNide.FilterGenerator.Abstractions.csproj", "{6EDDCF11-D52E-4658-832E-80F1D117C67B}"
EndProject
Project("{FAE04EC0-301F-11D3-BF4B-00C04F79EFBC}") = "GreenNide.FilterGenerator", "GreenNide.FilterGenerator\GreenNide.FilterGenerator.csproj", "{44E98FB5-2E12-4152-B65B-4A5C1CF1BA2E}"
EndProject
Project("{FAE04EC0-301F-11D3-BF4B-00C04F79EFBC}") = "GreenNide.FilterGenerator.Tests", "GreenNide.FilterGenerator.Tests\GreenNide.FilterGenerator.Tests.csproj", "{91CD25A6-C99C-4572-88D2-4EA9CA2F8ED5}"
EndProject
Global
	GlobalSection(SolutionConfigurationPlatforms) = preSolution
		Debug|Any CPU = Debug|Any CPU
		Debug|x64 = Debug|x64
		Debug|x86 = Debug|x86
		Release|Any CPU = Release|Any CPU
		Release|x64 = Release|x64
		Release|x86 = Release|x86
	EndGlobalSection
	GlobalSection(ProjectConfigurationPlatforms) = postSolution
		{6EDDCF11-D52E-4658-832E-80F1D117C67B}.Debug|Any CPU.ActiveCfg = Debug|Any CPU
		{6EDDCF11-D52E-4658-832E-80F1D117C67B}.Debug|Any CPU.Build.0 = Debug|Any CPU
		{6EDDCF11-D52E-4658-832E-80F1D117C67B}.Debug|x64.ActiveCfg = Debug|Any CPU
		{6EDDCF11-D52E-4658-832E-80F1D117C67B}.Debug|x64.Build.0 = Debug|Any CPU
		{6EDDCF11-D52E-4658-832E-80F1D117C67B}.Debug|x86.ActiveCfg = Debug|Any CPU
		{6EDDCF11-D52E-4658-832E-80F1D117C67B}.Debug|x86.Build.0 = Debug|Any CPU
		{6EDDCF11-D52E-4658-832E-80F1D117C67B}.Release|Any CPU.ActiveCfg = Release|Any CPU
		{6EDDCF11-D52E-4658-832E-80F1D117C67B}.Release|Any CPU.Build.0 = Release|Any CPU
		{6EDDCF11-D52E-4658-832E-80F1D117C67B}.Release|x64.ActiveCfg = Release|Any CPU
		{6EDDCF11-D52E-4658-832E-80F1D117C67B}.Release|x64.Build.0 = Release|Any CPU
		{6EDDCF11-D52E-4658-832E-80F1D117C67B}.Release|x86.ActiveCfg = Release|Any CPU
		{6EDDCF11-D52E-4658-832E-80F1D117C67B}.Release|x86.Build.0 = Release|Any CPU
		{44E98FB5-2E12-4152-B65B-4A5C1CF1BA2E}.Debug|Any CPU.ActiveCfg = Debug|Any CPU
		{44E98FB5-2E12-4152-B65B-4A5C1CF1BA2E}.Debug|Any CPU.Build.0 = Debug|Any CPU
		{44E98FB5-2E12-4152-B65B-4A5C1CF1BA2E}.Debug|x64.ActiveCfg = Debug|Any CPU
		{44E98FB5-2E12-4152-B65B-4A5C1CF1BA2E}.Debug|x64.Build.0 = Debug|Any CPU
		{44E98FB5-2E12-4152-B65B-4A5C1CF1BA2E}.Debug|x86.ActiveCfg = Debug|Any CPU
		{44E98FB5-2E12-4152-B65B-4A5C1CF1BA2E}.Debug|x86.Build.0 = Debug|Any CPU
		{44E98FB5-2E12-4152-B65B-4A5C1CF1BA2E}.Release|Any CPU.ActiveCfg = Release|Any CPU
		{44E98FB5-2E12-4152-B65B-4A5C1CF1BA2E}.Release|Any CPU.Build.0 = Release|Any CPU
		{44E98FB5-2E12-4152-B65B-4A5C1CF1BA2E}.Release|x64.ActiveCfg = Release|Any CPU
		{44E98FB5-2E12-4152-B65B-4A5C1CF1BA2E}.Release|x64.Build.0 = Release|Any CPU
		{44E98FB5-2E12-4152-B65B-4A5C1CF1BA2E}.Release|x86.ActiveCfg = Release|Any CPU
		{44E98FB5-2E12-4152-B65B-4A5C1CF1BA2E}.Release|x86.Build.0 = Release|Any CPU
		{91CD25A6-C99C-4572-88D2-4EA9CA2F8ED5}.Debug|Any CPU.ActiveCfg = Debug|Any CPU
		{91CD25A6-C99C-4572-88D2-4EA9CA2F8ED5}.Debug|Any CPU.Build.0 = Debug|Any CPU
		{91CD25A6-C99C-4572-88D2-4EA9CA2F8ED5}.Debug|x64.ActiveCfg = Debug|Any CPU
		{91CD25A6-C99C-4572-88D2-4EA9CA2F8ED5}.Debug|x64.Build.0 = Debug|Any CPU
		{91CD25A6-C99C-4572-88D2-4EA9CA2F8ED5}.Debug|x86.ActiveCfg = Debug|Any CPU
		{91CD25A6-C99C-4572-88D2-4EA9CA2F8ED5}.Debug|x86.Build.0 = Debug|Any CPU
		{91CD25A6-C99C-4572-88D2-4EA9CA2F8ED5}.Release|Any CPU.ActiveCfg = Release|Any CPU
		{91CD25A6-C99C-4572-88D2-4EA9CA2F8ED5}.Release|Any CPU.Build.0 = Release|Any CPU
		{91CD25A6-C99C-4572-88D2-4EA9CA2F8ED5}.Release|x64.ActiveCfg = Release|Any CPU
		{91CD25A6-C99C-4572-88D2-4EA9CA2F8ED5}.Release|x64.Build.0 = Release|Any CPU
		{91CD25A6-C99C-4572-88D2-4EA9CA2F8ED5}.Release|x86.ActiveCfg = Release|Any CPU
		{91CD25A6-C99C-4572-88D2-4EA9CA2F8ED5}.Release|x86.Build.0 = Release|Any CPU
	EndGlobalSection
	GlobalSection(SolutionProperties) = preSolution
		HideSolutionNode = FALSE
	EndGlobalSection
EndGlobal
